<Solution>
  <Folder Name="/src/">
    <Project Path="src/Kutuphane.Api/Kutuphane.Api.csproj" />
    <Project Path="src/Kutuphane.Application/Kutuphane.Application.csproj" />
    <Project Path="src/Kutuphane.Domain/Kutuphane.Domain.csproj" />
    <Project Path="src/Kutuphane.Infrastructure/Kutuphane.Infrastructure.csproj" />
  </Folder>
</Solution>
