<Solution>
  <Folder Name="/Core/">
    <Project Path="Core/Kutuphane.Application/Kutuphane.Application.csproj" />
    <Project Path="Core/Kutuphane.Domain/Kutuphane.Domain.csproj" />
  </Folder>
  <Folder Name="/Infrastructure/">
    <Project Path="Infrastructure/Kutuphane.Infrastructure/Kutuphane.Infrastructure.csproj" />
    <Project Path="Infrastructure/Kutuphane.Persistence/Kutuphane.Persistence.csproj" />
  </Folder>
  <Folder Name="/Presentation/">
    <Project Path="Presentation/Kutuphane.Api/Kutuphane.Api.csproj" />
  </Folder>
</Solution>
